
Microsoft Visual Studio Solution File, Format Version 12.00
# Visual Studio Version 16
VisualStudioVersion = 16.0.30804.86
MinimumVisualStudioVersion = 10.0.40219.1
Project("{FAE04EC0-301F-11D3-BF4B-00C04F79EFBC}") = "KensBlog", "KensBlog.csproj", "{248984D0-F920-4C8B-BDF7-66D5D15E4369}"
EndProject
Project("{FAE04EC0-301F-11D3-BF4B-00C04F79EFBC}") = "KensBlog_Service", "..\KensBlog_Service\KensBlog_Service.csproj", "{E7F625A6-E800-45D6-A4B2-093F3E7D2D3D}"
EndProject
Project("{FAE04EC0-301F-11D3-BF4B-00C04F79EFBC}") = "KensBlog_Helper", "..\KensBlog_Helper\KensBlog_Helper.csproj", "{D2ECE97E-B2E4-4CA9-9B3C-6D449EA4D2C9}"
EndProject
Global
	GlobalSection(SolutionConfigurationPlatforms) = preSolution
		Debug|Any CPU = Debug|Any CPU
		Release|Any CPU = Release|Any CPU
	EndGlobalSection
	GlobalSection(ProjectConfigurationPlatforms) = postSolution
		{248984D0-F920-4C8B-BDF7-66D5D15E4369}.Debug|Any CPU.ActiveCfg = Debug|Any CPU
		{248984D0-F920-4C8B-BDF7-66D5D15E4369}.Debug|Any CPU.Build.0 = Debug|Any CPU
		{248984D0-F920-4C8B-BDF7-66D5D15E4369}.Release|Any CPU.ActiveCfg = Release|Any CPU
		{248984D0-F920-4C8B-BDF7-66D5D15E4369}.Release|Any CPU.Build.0 = Release|Any CPU
		{E7F625A6-E800-45D6-A4B2-093F3E7D2D3D}.Debug|Any CPU.ActiveCfg = Debug|Any CPU
		{E7F625A6-E800-45D6-A4B2-093F3E7D2D3D}.Debug|Any CPU.Build.0 = Debug|Any CPU
		{E7F625A6-E800-45D6-A4B2-093F3E7D2D3D}.Release|Any CPU.ActiveCfg = Release|Any CPU
		{E7F625A6-E800-45D6-A4B2-093F3E7D2D3D}.Release|Any CPU.Build.0 = Release|Any CPU
		{D2ECE97E-B2E4-4CA9-9B3C-6D449EA4D2C9}.Debug|Any CPU.ActiveCfg = Debug|Any CPU
		{D2ECE97E-B2E4-4CA9-9B3C-6D449EA4D2C9}.Debug|Any CPU.Build.0 = Debug|Any CPU
		{D2ECE97E-B2E4-4CA9-9B3C-6D449EA4D2C9}.Release|Any CPU.ActiveCfg = Release|Any CPU
		{D2ECE97E-B2E4-4CA9-9B3C-6D449EA4D2C9}.Release|Any CPU.Build.0 = Release|Any CPU
	EndGlobalSection
	GlobalSection(SolutionProperties) = preSolution
		HideSolutionNode = FALSE
	EndGlobalSection
	GlobalSection(ExtensibilityGlobals) = postSolution
		SolutionGuid = {AAC06E21-13CB-4619-9542-E13AFAF2D3B8}
	EndGlobalSection
EndGlobal
